
Microsoft Visual Studio Solution File, Format Version 12.00
# Visual Studio Version 17
VisualStudioVersion = 17.9.34728.123
MinimumVisualStudioVersion = 10.0.40219.1
Project("{FAE04EC0-301F-11D3-BF4B-00C04F79EFBC}") = "lab1", "lab1\lab1.csproj", "{E35CE578-EEB2-4405-813B-52A4AC46E51F}"
EndProject
Global
	GlobalSection(SolutionConfigurationPlatforms) = preSolution
		Debug|Any CPU = Debug|Any CPU
		Release|Any CPU = Release|Any CPU
	EndGlobalSection
	GlobalSection(ProjectConfigurationPlatforms) = postSolution
		{E35CE578-EEB2-4405-813B-52A4AC46E51F}.Debug|Any CPU.ActiveCfg = Debug|Any CPU
		{E35CE578-EEB2-4405-813B-52A4AC46E51F}.Debug|Any CPU.Build.0 = Debug|Any CPU
		{E35CE578-EEB2-4405-813B-52A4AC46E51F}.Release|Any CPU.ActiveCfg = Release|Any CPU
		{E35CE578-EEB2-4405-813B-52A4AC46E51F}.Release|Any CPU.Build.0 = Release|Any CPU
	EndGlobalSection
	GlobalSection(SolutionProperties) = preSolution
		HideSolutionNode = FALSE
	EndGlobalSection
	GlobalSection(ExtensibilityGlobals) = postSolution
		SolutionGuid = {63DE2AA7-F10A-4F01-8075-23FE7C868146}
	EndGlobalSection
EndGlobal
